Microsoft Visual Studio Solution File, Format Version 9.00
# Visual Studio 2005
Project("{F184B08F-C81C-45F6-A57F-5ABD9991F28F}") = "ContextNavigation.Module", "ContextNavigation.Module\ContextNavigation.Module.vbproj", "{036C029D-0BC5-42C3-8249-881A213A0DA1}"
	ProjectSection(WebsiteProperties) = preProject
		Debug.AspNetCompiler.Debug = "True"
		Release.AspNetCompiler.Debug = "False"
	EndProjectSection
EndProject
Project("{F184B08F-C81C-45F6-A57F-5ABD9991F28F}") = "ContextNavigation.Web", "ContextNavigation.Web\ContextNavigation.Web.vbproj", "{8BE6E8A8-3881-45DA-8F88-1A56226B16B3}"
	ProjectSection(WebsiteProperties) = preProject
		Debug.AspNetCompiler.Debug = "True"
		Release.AspNetCompiler.Debug = "False"
	EndProjectSection
EndProject
Project("{F184B08F-C81C-45F6-A57F-5ABD9991F28F}") = "ContextNavigation.Win", "ContextNavigation.Win\ContextNavigation.Win.vbproj", "{81A2DDEB-4304-47DD-A059-9893CF4A2FAF}"
	ProjectSection(WebsiteProperties) = preProject
		Debug.AspNetCompiler.Debug = "True"
		Release.AspNetCompiler.Debug = "False"
	EndProjectSection
EndProject
Global
	GlobalSection(SolutionConfigurationPlatforms) = preSolution
		Debug|Any CPU = Debug|Any CPU
		EasyTest|Any CPU = EasyTest|Any CPU
		Release|Any CPU = Release|Any CPU
	EndGlobalSection
	GlobalSection(ProjectConfigurationPlatforms) = postSolution
		{036C029D-0BC5-42C3-8249-881A213A0DA1}.Debug|Any CPU.ActiveCfg = Debug|Any CPU
		{036C029D-0BC5-42C3-8249-881A213A0DA1}.Debug|Any CPU.Build.0 = Debug|Any CPU
		{036C029D-0BC5-42C3-8249-881A213A0DA1}.EasyTest|Any CPU.ActiveCfg = EasyTest|Any CPU
		{036C029D-0BC5-42C3-8249-881A213A0DA1}.EasyTest|Any CPU.Build.0 = EasyTest|Any CPU
		{036C029D-0BC5-42C3-8249-881A213A0DA1}.Release|Any CPU.ActiveCfg = Release|Any CPU
		{036C029D-0BC5-42C3-8249-881A213A0DA1}.Release|Any CPU.Build.0 = Release|Any CPU
		{8BE6E8A8-3881-45DA-8F88-1A56226B16B3}.Debug|Any CPU.ActiveCfg = Debug|Any CPU
		{8BE6E8A8-3881-45DA-8F88-1A56226B16B3}.Debug|Any CPU.Build.0 = Debug|Any CPU
		{8BE6E8A8-3881-45DA-8F88-1A56226B16B3}.EasyTest|Any CPU.ActiveCfg = EasyTest|Any CPU
		{8BE6E8A8-3881-45DA-8F88-1A56226B16B3}.EasyTest|Any CPU.Build.0 = EasyTest|Any CPU
		{8BE6E8A8-3881-45DA-8F88-1A56226B16B3}.Release|Any CPU.ActiveCfg = Release|Any CPU
		{8BE6E8A8-3881-45DA-8F88-1A56226B16B3}.Release|Any CPU.Build.0 = Release|Any CPU
		{81A2DDEB-4304-47DD-A059-9893CF4A2FAF}.Debug|Any CPU.ActiveCfg = Debug|Any CPU
		{81A2DDEB-4304-47DD-A059-9893CF4A2FAF}.Debug|Any CPU.Build.0 = Debug|Any CPU
		{81A2DDEB-4304-47DD-A059-9893CF4A2FAF}.EasyTest|Any CPU.ActiveCfg = EasyTest|Any CPU
		{81A2DDEB-4304-47DD-A059-9893CF4A2FAF}.EasyTest|Any CPU.Build.0 = EasyTest|Any CPU
		{81A2DDEB-4304-47DD-A059-9893CF4A2FAF}.Release|Any CPU.ActiveCfg = Release|Any CPU
		{81A2DDEB-4304-47DD-A059-9893CF4A2FAF}.Release|Any CPU.Build.0 = Release|Any CPU
	EndGlobalSection
	GlobalSection(SolutionProperties) = preSolution
		HideSolutionNode = FALSE
	EndGlobalSection
EndGlobal
